
Microsoft Visual Studio Solution File, Format Version 12.00
# Visual Studio Version 17
VisualStudioVersion = 17.7.34031.279
MinimumVisualStudioVersion = 10.0.40219.1
Project("{8BC9CEB8-8B4A-11D0-8D11-00A0C91BC942}") = "GameApp", "GameApp\GameApp.vcxproj", "{8BD4D895-C500-4B5F-B9E6-0B481855351F}"
EndProject
Project("{8BC9CEB8-8B4A-11D0-8D11-00A0C91BC942}") = "EngineNo55", "EngineNo55.vcxproj", "{7BE5BA25-7A35-4DAC-B00F-8D3DA52DAC2D}"
EndProject
Global
	GlobalSection(SolutionConfigurationPlatforms) = preSolution
		Debug|x64 = Debug|x64
		Release|x64 = Release|x64
	EndGlobalSection
	GlobalSection(ProjectConfigurationPlatforms) = postSolution
		{8BD4D895-C500-4B5F-B9E6-0B481855351F}.Debug|x64.ActiveCfg = Debug|x64
		{8BD4D895-C500-4B5F-B9E6-0B481855351F}.Debug|x64.Build.0 = Debug|x64
		{8BD4D895-C500-4B5F-B9E6-0B481855351F}.Release|x64.ActiveCfg = Release|x64
		{8BD4D895-C500-4B5F-B9E6-0B481855351F}.Release|x64.Build.0 = Release|x64
		{7BE5BA25-7A35-4DAC-B00F-8D3DA52DAC2D}.Debug|x64.ActiveCfg = Debug|x64
		{7BE5BA25-7A35-4DAC-B00F-8D3DA52DAC2D}.Debug|x64.Build.0 = Debug|x64
		{7BE5BA25-7A35-4DAC-B00F-8D3DA52DAC2D}.Release|x64.ActiveCfg = Release|x64
		{7BE5BA25-7A35-4DAC-B00F-8D3DA52DAC2D}.Release|x64.Build.0 = Release|x64
	EndGlobalSection
	GlobalSection(SolutionProperties) = preSolution
		HideSolutionNode = FALSE
	EndGlobalSection
	GlobalSection(ExtensibilityGlobals) = postSolution
		SolutionGuid = {AA59A3E7-B058-472E-80F6-73144D952C0A}
	EndGlobalSection
EndGlobal
